
Microsoft Visual Studio Solution File, Format Version 12.00
# Visual Studio 15
VisualStudioVersion = 15.0.28307.271
MinimumVisualStudioVersion = 10.0.40219.1
Project("{FAE04EC0-301F-11D3-BF4B-00C04F79EFBC}") = "MHNN", "MHNN\MHNN.csproj", "{F1EFDB9F-E591-4747-9A7F-8B97D1111E28}"
EndProject
Global
	GlobalSection(SolutionConfigurationPlatforms) = preSolution
		Debug|Any CPU = Debug|Any CPU
		Release|Any CPU = Release|Any CPU
	EndGlobalSection
	GlobalSection(ProjectConfigurationPlatforms) = postSolution
		{F1EFDB9F-E591-4747-9A7F-8B97D1111E28}.Debug|Any CPU.ActiveCfg = Debug|Any CPU
		{F1EFDB9F-E591-4747-9A7F-8B97D1111E28}.Debug|Any CPU.Build.0 = Debug|Any CPU
		{F1EFDB9F-E591-4747-9A7F-8B97D1111E28}.Release|Any CPU.ActiveCfg = Release|Any CPU
		{F1EFDB9F-E591-4747-9A7F-8B97D1111E28}.Release|Any CPU.Build.0 = Release|Any CPU
	EndGlobalSection
	GlobalSection(SolutionProperties) = preSolution
		HideSolutionNode = FALSE
	EndGlobalSection
	GlobalSection(ExtensibilityGlobals) = postSolution
		SolutionGuid = {1EEC2A83-65EF-4F8A-8C35-63F8C2F1D1C6}
	EndGlobalSection
EndGlobal
